
Microsoft Visual Studio Solution File, Format Version 12.00
# Visual Studio Version 17
VisualStudioVersion = 17.0.31903.59
MinimumVisualStudioVersion = 10.0.40219.1
Project("{2150E333-8FDC-42A3-9474-1A3956D46DE8}") = "src", "src", "{827E0CD3-B72D-47B6-A68D-7590B98EB39B}"
EndProject
Project("{FAE04EC0-301F-11D3-BF4B-00C04F79EFBC}") = "Enterprise.Functions", "src\Enterprise.Functions\Enterprise.Functions.csproj", "{CDB49B7E-CF70-4633-9823-B80396A8506C}"
EndProject
Project("{FAE04EC0-301F-11D3-BF4B-00C04F79EFBC}") = "Enterprise.Functions.Tests", "tests\Enterprise.Functions.Tests\Enterprise.Functions.Tests.csproj", "{55D24B9B-5CCA-4774-992B-4459E83FB9E7}"
EndProject
Global
	GlobalSection(SolutionConfigurationPlatforms) = preSolution
		Debug|Any CPU = Debug|Any CPU
		Debug|x64 = Debug|x64
		Debug|x86 = Debug|x86
		Release|Any CPU = Release|Any CPU
		Release|x64 = Release|x64
		Release|x86 = Release|x86
	EndGlobalSection
	GlobalSection(ProjectConfigurationPlatforms) = postSolution
		{CDB49B7E-CF70-4633-9823-B80396A8506C}.Debug|Any CPU.ActiveCfg = Debug|Any CPU
		{CDB49B7E-CF70-4633-9823-B80396A8506C}.Debug|Any CPU.Build.0 = Debug|Any CPU
		{CDB49B7E-CF70-4633-9823-B80396A8506C}.Debug|x64.ActiveCfg = Debug|Any CPU
		{CDB49B7E-CF70-4633-9823-B80396A8506C}.Debug|x64.Build.0 = Debug|Any CPU
		{CDB49B7E-CF70-4633-9823-B80396A8506C}.Debug|x86.ActiveCfg = Debug|Any CPU
		{CDB49B7E-CF70-4633-9823-B80396A8506C}.Debug|x86.Build.0 = Debug|Any CPU
		{CDB49B7E-CF70-4633-9823-B80396A8506C}.Release|Any CPU.ActiveCfg = Release|Any CPU
		{CDB49B7E-CF70-4633-9823-B80396A8506C}.Release|Any CPU.Build.0 = Release|Any CPU
		{CDB49B7E-CF70-4633-9823-B80396A8506C}.Release|x64.ActiveCfg = Release|Any CPU
		{CDB49B7E-CF70-4633-9823-B80396A8506C}.Release|x64.Build.0 = Release|Any CPU
		{CDB49B7E-CF70-4633-9823-B80396A8506C}.Release|x86.ActiveCfg = Release|Any CPU
		{CDB49B7E-CF70-4633-9823-B80396A8506C}.Release|x86.Build.0 = Release|Any CPU
		{55D24B9B-5CCA-4774-992B-4459E83FB9E7}.Debug|Any CPU.ActiveCfg = Debug|Any CPU
		{55D24B9B-5CCA-4774-992B-4459E83FB9E7}.Debug|Any CPU.Build.0 = Debug|Any CPU
		{55D24B9B-5CCA-4774-992B-4459E83FB9E7}.Debug|x64.ActiveCfg = Debug|Any CPU
		{55D24B9B-5CCA-4774-992B-4459E83FB9E7}.Debug|x64.Build.0 = Debug|Any CPU
		{55D24B9B-5CCA-4774-992B-4459E83FB9E7}.Debug|x86.ActiveCfg = Debug|Any CPU
		{55D24B9B-5CCA-4774-992B-4459E83FB9E7}.Debug|x86.Build.0 = Debug|Any CPU
		{55D24B9B-5CCA-4774-992B-4459E83FB9E7}.Release|Any CPU.ActiveCfg = Release|Any CPU
		{55D24B9B-5CCA-4774-992B-4459E83FB9E7}.Release|Any CPU.Build.0 = Release|Any CPU
		{55D24B9B-5CCA-4774-992B-4459E83FB9E7}.Release|x64.ActiveCfg = Release|Any CPU
		{55D24B9B-5CCA-4774-992B-4459E83FB9E7}.Release|x64.Build.0 = Release|Any CPU
		{55D24B9B-5CCA-4774-992B-4459E83FB9E7}.Release|x86.ActiveCfg = Release|Any CPU
		{55D24B9B-5CCA-4774-992B-4459E83FB9E7}.Release|x86.Build.0 = Release|Any CPU
	EndGlobalSection
	GlobalSection(SolutionProperties) = preSolution
		HideSolutionNode = FALSE
	EndGlobalSection
	GlobalSection(NestedProjects) = preSolution
		{CDB49B7E-CF70-4633-9823-B80396A8506C} = {827E0CD3-B72D-47B6-A68D-7590B98EB39B}
		{55D24B9B-5CCA-4774-992B-4459E83FB9E7} = {827E0CD3-B72D-47B6-A68D-7590B98EB39B}
	EndGlobalSection
EndGlobal
